
Microsoft Visual Studio Solution File, Format Version 12.00
# Visual Studio 15
VisualStudioVersion = 15.0.28307.572
MinimumVisualStudioVersion = 10.0.40219.1
Project("{9A19103F-16F7-4668-BE54-9A1E7A4F7556}") = "RepaymentConsole", "RepaymentConsole\RepaymentConsole.csproj", "{C80A3CB3-0BBA-444F-B88D-6067D2AC2A6D}"
EndProject
Project("{9A19103F-16F7-4668-BE54-9A1E7A4F7556}") = "RepaymentConsole.UnitTests", "RepaymentConsole.UnitTests\RepaymentConsole.UnitTests.csproj", "{752C54E2-DFED-4160-8171-05D1510EB1C7}"
EndProject
Project("{FAE04EC0-301F-11D3-BF4B-00C04F79EFBC}") = "RepaymentConsole.IntegrationTests", "RepaymentConsole.IntegrationTests\RepaymentConsole.IntegrationTests.csproj", "{2CAD3EE3-E572-4998-ADC2-62FB0FB5C436}"
EndProject
Project("{2150E333-8FDC-42A3-9474-1A3956D46DE8}") = "Solution Items", "Solution Items", "{3D750C66-81FD-4C05-B4ED-54B549818C76}"
	ProjectSection(SolutionItems) = preProject
		market.csv = market.csv
	EndProjectSection
EndProject
Global
	GlobalSection(SolutionConfigurationPlatforms) = preSolution
		Debug|Any CPU = Debug|Any CPU
		Release|Any CPU = Release|Any CPU
	EndGlobalSection
	GlobalSection(ProjectConfigurationPlatforms) = postSolution
		{C80A3CB3-0BBA-444F-B88D-6067D2AC2A6D}.Debug|Any CPU.ActiveCfg = Debug|Any CPU
		{C80A3CB3-0BBA-444F-B88D-6067D2AC2A6D}.Debug|Any CPU.Build.0 = Debug|Any CPU
		{C80A3CB3-0BBA-444F-B88D-6067D2AC2A6D}.Release|Any CPU.ActiveCfg = Release|Any CPU
		{C80A3CB3-0BBA-444F-B88D-6067D2AC2A6D}.Release|Any CPU.Build.0 = Release|Any CPU
		{752C54E2-DFED-4160-8171-05D1510EB1C7}.Debug|Any CPU.ActiveCfg = Debug|Any CPU
		{752C54E2-DFED-4160-8171-05D1510EB1C7}.Debug|Any CPU.Build.0 = Debug|Any CPU
		{752C54E2-DFED-4160-8171-05D1510EB1C7}.Release|Any CPU.ActiveCfg = Release|Any CPU
		{752C54E2-DFED-4160-8171-05D1510EB1C7}.Release|Any CPU.Build.0 = Release|Any CPU
		{2CAD3EE3-E572-4998-ADC2-62FB0FB5C436}.Debug|Any CPU.ActiveCfg = Debug|Any CPU
		{2CAD3EE3-E572-4998-ADC2-62FB0FB5C436}.Debug|Any CPU.Build.0 = Debug|Any CPU
		{2CAD3EE3-E572-4998-ADC2-62FB0FB5C436}.Release|Any CPU.ActiveCfg = Release|Any CPU
		{2CAD3EE3-E572-4998-ADC2-62FB0FB5C436}.Release|Any CPU.Build.0 = Release|Any CPU
	EndGlobalSection
	GlobalSection(SolutionProperties) = preSolution
		HideSolutionNode = FALSE
	EndGlobalSection
	GlobalSection(ExtensibilityGlobals) = postSolution
		SolutionGuid = {18E2ED49-2D3A-4BA3-BB5C-76B101667CF1}
	EndGlobalSection
EndGlobal
